
Microsoft Visual Studio Solution File, Format Version 12.00
# Visual Studio Version 17
VisualStudioVersion = 17.4.33122.133
MinimumVisualStudioVersion = 10.0.40219.1
Project("{9A19103F-16F7-4668-BE54-9A1E7A4F7556}") = "EntityFrameworkWithPostgresPOC", "EntityFrameworkWithPostgresPOC\EntityFrameworkWithPostgresPOC.csproj", "{F50E7866-8877-44A0-8FD2-CCC2227CC5F9}"
	ProjectSection(ProjectDependencies) = postProject
		{16CB658B-EC24-4FD6-A2C3-EA5C7504246B} = {16CB658B-EC24-4FD6-A2C3-EA5C7504246B}
		{EADC0FEC-A026-48A0-ABDF-DA68EF4DD688} = {EADC0FEC-A026-48A0-ABDF-DA68EF4DD688}
	EndProjectSection
EndProject
Project("{9A19103F-16F7-4668-BE54-9A1E7A4F7556}") = "NhanhVn.Services", "NhanhVn.Services\NhanhVn.Services.csproj", "{16CB658B-EC24-4FD6-A2C3-EA5C7504246B}"
EndProject
Project("{9A19103F-16F7-4668-BE54-9A1E7A4F7556}") = "NhanhVn.EntityFramework", "NhanhVn.EntityFramework\NhanhVn.EntityFramework.csproj", "{EADC0FEC-A026-48A0-ABDF-DA68EF4DD688}"
EndProject
Project("{9A19103F-16F7-4668-BE54-9A1E7A4F7556}") = "NhanhVn.Common", "NhanhVn.Common\NhanhVn.Common.csproj", "{068001C3-E247-4016-AB8F-CD848035E6B7}"
EndProject
Global
	GlobalSection(SolutionConfigurationPlatforms) = preSolution
		Debug|Any CPU = Debug|Any CPU
		Release|Any CPU = Release|Any CPU
	EndGlobalSection
	GlobalSection(ProjectConfigurationPlatforms) = postSolution
		{F50E7866-8877-44A0-8FD2-CCC2227CC5F9}.Debug|Any CPU.ActiveCfg = Debug|Any CPU
		{F50E7866-8877-44A0-8FD2-CCC2227CC5F9}.Debug|Any CPU.Build.0 = Debug|Any CPU
		{F50E7866-8877-44A0-8FD2-CCC2227CC5F9}.Release|Any CPU.ActiveCfg = Release|Any CPU
		{F50E7866-8877-44A0-8FD2-CCC2227CC5F9}.Release|Any CPU.Build.0 = Release|Any CPU
		{16CB658B-EC24-4FD6-A2C3-EA5C7504246B}.Debug|Any CPU.ActiveCfg = Debug|Any CPU
		{16CB658B-EC24-4FD6-A2C3-EA5C7504246B}.Debug|Any CPU.Build.0 = Debug|Any CPU
		{16CB658B-EC24-4FD6-A2C3-EA5C7504246B}.Release|Any CPU.ActiveCfg = Release|Any CPU
		{16CB658B-EC24-4FD6-A2C3-EA5C7504246B}.Release|Any CPU.Build.0 = Release|Any CPU
		{EADC0FEC-A026-48A0-ABDF-DA68EF4DD688}.Debug|Any CPU.ActiveCfg = Debug|Any CPU
		{EADC0FEC-A026-48A0-ABDF-DA68EF4DD688}.Debug|Any CPU.Build.0 = Debug|Any CPU
		{EADC0FEC-A026-48A0-ABDF-DA68EF4DD688}.Release|Any CPU.ActiveCfg = Release|Any CPU
		{EADC0FEC-A026-48A0-ABDF-DA68EF4DD688}.Release|Any CPU.Build.0 = Release|Any CPU
		{068001C3-E247-4016-AB8F-CD848035E6B7}.Debug|Any CPU.ActiveCfg = Debug|Any CPU
		{068001C3-E247-4016-AB8F-CD848035E6B7}.Debug|Any CPU.Build.0 = Debug|Any CPU
		{068001C3-E247-4016-AB8F-CD848035E6B7}.Release|Any CPU.ActiveCfg = Release|Any CPU
		{068001C3-E247-4016-AB8F-CD848035E6B7}.Release|Any CPU.Build.0 = Release|Any CPU
	EndGlobalSection
	GlobalSection(SolutionProperties) = preSolution
		HideSolutionNode = FALSE
	EndGlobalSection
	GlobalSection(ExtensibilityGlobals) = postSolution
		SolutionGuid = {83A7BA3C-F607-463C-982C-778813DB80E5}
	EndGlobalSection
EndGlobal
